
Microsoft Visual Studio Solution File, Format Version 12.00
# Visual Studio Version 17
VisualStudioVersion = 17.8.34330.188
MinimumVisualStudioVersion = 10.0.40219.1
Project("{FAE04EC0-301F-11D3-BF4B-00C04F79EFBC}") = "DrSmokeAppAdmin", "DrSmokeAppAdmin\DrSmokeAppAdmin.csproj", "{AEEE99AC-A7B2-4A15-8702-A78BD6DB9DAB}"
EndProject
Global
	GlobalSection(SolutionConfigurationPlatforms) = preSolution
		Debug|Any CPU = Debug|Any CPU
		Release|Any CPU = Release|Any CPU
	EndGlobalSection
	GlobalSection(ProjectConfigurationPlatforms) = postSolution
		{AEEE99AC-A7B2-4A15-8702-A78BD6DB9DAB}.Debug|Any CPU.ActiveCfg = Debug|Any CPU
		{AEEE99AC-A7B2-4A15-8702-A78BD6DB9DAB}.Debug|Any CPU.Build.0 = Debug|Any CPU
		{AEEE99AC-A7B2-4A15-8702-A78BD6DB9DAB}.Debug|Any CPU.Deploy.0 = Debug|Any CPU
		{AEEE99AC-A7B2-4A15-8702-A78BD6DB9DAB}.Release|Any CPU.ActiveCfg = Release|Any CPU
		{AEEE99AC-A7B2-4A15-8702-A78BD6DB9DAB}.Release|Any CPU.Build.0 = Release|Any CPU
		{AEEE99AC-A7B2-4A15-8702-A78BD6DB9DAB}.Release|Any CPU.Deploy.0 = Release|Any CPU
	EndGlobalSection
	GlobalSection(SolutionProperties) = preSolution
		HideSolutionNode = FALSE
	EndGlobalSection
	GlobalSection(ExtensibilityGlobals) = postSolution
		SolutionGuid = {154E614F-3775-4DD3-BE4F-1476F3AE5536}
	EndGlobalSection
EndGlobal
